
Microsoft Visual Studio Solution File, Format Version 12.00
# Visual Studio Version 16
VisualStudioVersion = 16.0.30611.23
MinimumVisualStudioVersion = 10.0.40219.1
Project("{9A19103F-16F7-4668-BE54-9A1E7A4F7556}") = "GAME_OFF_2020", "GAME_OFF_2020.csproj", "{F622F228-3BB0-470C-8CB8-894CD4D6715A}"
EndProject
Project("{9A19103F-16F7-4668-BE54-9A1E7A4F7556}") = "ElementEngine", "..\ElementEngine\ElementEngine.csproj", "{00538EFA-7A8B-4AC4-AC8B-37A2E7A1E6CC}"
EndProject
Global
	GlobalSection(SolutionConfigurationPlatforms) = preSolution
		Debug|Any CPU = Debug|Any CPU
		DebugOGL|Any CPU = DebugOGL|Any CPU
		Release|Any CPU = Release|Any CPU
		ReleaseOGL|Any CPU = ReleaseOGL|Any CPU
	EndGlobalSection
	GlobalSection(ProjectConfigurationPlatforms) = postSolution
		{F622F228-3BB0-470C-8CB8-894CD4D6715A}.Debug|Any CPU.ActiveCfg = Debug|Any CPU
		{F622F228-3BB0-470C-8CB8-894CD4D6715A}.Debug|Any CPU.Build.0 = Debug|Any CPU
		{F622F228-3BB0-470C-8CB8-894CD4D6715A}.DebugOGL|Any CPU.ActiveCfg = DebugOGL|Any CPU
		{F622F228-3BB0-470C-8CB8-894CD4D6715A}.DebugOGL|Any CPU.Build.0 = DebugOGL|Any CPU
		{F622F228-3BB0-470C-8CB8-894CD4D6715A}.Release|Any CPU.ActiveCfg = Release|Any CPU
		{F622F228-3BB0-470C-8CB8-894CD4D6715A}.Release|Any CPU.Build.0 = Release|Any CPU
		{F622F228-3BB0-470C-8CB8-894CD4D6715A}.ReleaseOGL|Any CPU.ActiveCfg = ReleaseOGL|Any CPU
		{F622F228-3BB0-470C-8CB8-894CD4D6715A}.ReleaseOGL|Any CPU.Build.0 = ReleaseOGL|Any CPU
		{00538EFA-7A8B-4AC4-AC8B-37A2E7A1E6CC}.Debug|Any CPU.ActiveCfg = Debug|Any CPU
		{00538EFA-7A8B-4AC4-AC8B-37A2E7A1E6CC}.Debug|Any CPU.Build.0 = Debug|Any CPU
		{00538EFA-7A8B-4AC4-AC8B-37A2E7A1E6CC}.DebugOGL|Any CPU.ActiveCfg = Debug|Any CPU
		{00538EFA-7A8B-4AC4-AC8B-37A2E7A1E6CC}.DebugOGL|Any CPU.Build.0 = Debug|Any CPU
		{00538EFA-7A8B-4AC4-AC8B-37A2E7A1E6CC}.Release|Any CPU.ActiveCfg = Release|Any CPU
		{00538EFA-7A8B-4AC4-AC8B-37A2E7A1E6CC}.Release|Any CPU.Build.0 = Release|Any CPU
		{00538EFA-7A8B-4AC4-AC8B-37A2E7A1E6CC}.ReleaseOGL|Any CPU.ActiveCfg = Release|Any CPU
		{00538EFA-7A8B-4AC4-AC8B-37A2E7A1E6CC}.ReleaseOGL|Any CPU.Build.0 = Release|Any CPU
	EndGlobalSection
	GlobalSection(SolutionProperties) = preSolution
		HideSolutionNode = FALSE
	EndGlobalSection
	GlobalSection(ExtensibilityGlobals) = postSolution
		SolutionGuid = {476BEEAB-FB7A-451F-AE6E-E21F7A5A8454}
	EndGlobalSection
EndGlobal
